
Microsoft Visual Studio Solution File, Format Version 12.00
# Visual Studio Version 17
VisualStudioVersion = 17.10.35027.167
MinimumVisualStudioVersion = 10.0.40219.1
Project("{FAE04EC0-301F-11D3-BF4B-00C04F79EFBC}") = "Sinema", "Sinema\Sinema.csproj", "{D3673AD2-56E7-4F48-B92B-FECEE430AE75}"
EndProject
Global
	GlobalSection(SolutionConfigurationPlatforms) = preSolution
		Debug|Any CPU = Debug|Any CPU
		Release|Any CPU = Release|Any CPU
	EndGlobalSection
	GlobalSection(ProjectConfigurationPlatforms) = postSolution
		{D3673AD2-56E7-4F48-B92B-FECEE430AE75}.Debug|Any CPU.ActiveCfg = Debug|Any CPU
		{D3673AD2-56E7-4F48-B92B-FECEE430AE75}.Debug|Any CPU.Build.0 = Debug|Any CPU
		{D3673AD2-56E7-4F48-B92B-FECEE430AE75}.Release|Any CPU.ActiveCfg = Release|Any CPU
		{D3673AD2-56E7-4F48-B92B-FECEE430AE75}.Release|Any CPU.Build.0 = Release|Any CPU
	EndGlobalSection
	GlobalSection(SolutionProperties) = preSolution
		HideSolutionNode = FALSE
	EndGlobalSection
	GlobalSection(ExtensibilityGlobals) = postSolution
		SolutionGuid = {1DAAFD3B-4B50-4996-8583-9EDAB7639261}
	EndGlobalSection
EndGlobal
